
Microsoft Visual Studio Solution File, Format Version 12.00
# Visual Studio Version 17
VisualStudioVersion = 17.0.31903.59
MinimumVisualStudioVersion = 10.0.40219.1
Project("{FAE04EC0-301F-11D3-BF4B-00C04F79EFBC}") = "WeatherWatch.Web", "WeatherWatch.Web\WeatherWatch.Web.csproj", "{7590FEDB-3D4B-4766-B0AE-2FB7A79808F7}"
EndProject
Project("{FAE04EC0-301F-11D3-BF4B-00C04F79EFBC}") = "WeatherWatch.Application", "WeatherWatch.Application\WeatherWatch.Application.csproj", "{024D1891-582D-4DFF-80B9-9EBEDAA288C3}"
EndProject
Project("{2150E333-8FDC-42A3-9474-1A3956D46DE8}") = "docker", "docker", "{31D8F6F2-03A6-4510-9018-168561746CC3}"
	ProjectSection(SolutionItems) = preProject
		Dockerfile = Dockerfile
	EndProjectSection
EndProject
Global
	GlobalSection(SolutionConfigurationPlatforms) = preSolution
		Debug|Any CPU = Debug|Any CPU
		Release|Any CPU = Release|Any CPU
	EndGlobalSection
	GlobalSection(ProjectConfigurationPlatforms) = postSolution
		{7590FEDB-3D4B-4766-B0AE-2FB7A79808F7}.Debug|Any CPU.ActiveCfg = Debug|Any CPU
		{7590FEDB-3D4B-4766-B0AE-2FB7A79808F7}.Debug|Any CPU.Build.0 = Debug|Any CPU
		{7590FEDB-3D4B-4766-B0AE-2FB7A79808F7}.Release|Any CPU.ActiveCfg = Release|Any CPU
		{7590FEDB-3D4B-4766-B0AE-2FB7A79808F7}.Release|Any CPU.Build.0 = Release|Any CPU
		{024D1891-582D-4DFF-80B9-9EBEDAA288C3}.Debug|Any CPU.ActiveCfg = Debug|Any CPU
		{024D1891-582D-4DFF-80B9-9EBEDAA288C3}.Debug|Any CPU.Build.0 = Debug|Any CPU
		{024D1891-582D-4DFF-80B9-9EBEDAA288C3}.Release|Any CPU.ActiveCfg = Release|Any CPU
		{024D1891-582D-4DFF-80B9-9EBEDAA288C3}.Release|Any CPU.Build.0 = Release|Any CPU
	EndGlobalSection
	GlobalSection(SolutionProperties) = preSolution
		HideSolutionNode = FALSE
	EndGlobalSection
	GlobalSection(ExtensibilityGlobals) = postSolution
		SolutionGuid = {E471189D-B933-4921-B549-6045F73D9A3D}
	EndGlobalSection
EndGlobal
